<?xml version="1.0" encoding="UTF-8"?>
<Scheme
   LastUpgradeVersion = "1500"
   version = "1.7">
   <BuildAction
      parallelizeBuildables = "YES"
      buildImplicitDependencies = "YES">
      <BuildActionEntries>
         <BuildActionEntry
            buildForTesting = "YES"
            buildForRunning = "YES"
            buildForProfiling = "YES"
            buildForArchiving = "YES"
            buildForAnalyzing = "YES">
            <BuildableReference
               BuildableIdentifier = "primary"
               BlueprintIdentifier = "18ECD28930103EAF00F8C4E9"
               BuildableName = "Ad Tracker Blocker.app"
               BlueprintName = "Ad Tracker Blocker"
               ReferencedContainer = "container:Ad Tracker Blocker.xcodeproj">
            </BuildableReference>
         </BuildActionEntry>
      </BuildActionEntries>
      <PostActions>
         <ExecutionAction
            ActionType = "Xcode.IDEStandardExecutionActionsCore.ExecutionActionType.ShellScriptAction">
            <ActionContent
               title = "Install to ~/Applications"
               scriptText = "DEST=&quot;$HOME/Applications/${FULL_PRODUCT_NAME}&quot;&#10;rm -rf &quot;$DEST&quot;&#10;ditto &quot;${BUILT_PRODUCTS_DIR}/${FULL_PRODUCT_NAME}&quot; &quot;$DEST&quot;&#10;echo &quot;atb-copy: installed $FULL_PRODUCT_NAME to $DEST&quot;&#10;">
               <EnvironmentBuildable>
                  <BuildableReference
                     BuildableIdentifier = "primary"
                     BlueprintIdentifier = "18ECD28930103EAF00F8C4E9"
                     BuildableName = "Ad Tracker Blocker.app"
                     BlueprintName = "Ad Tracker Blocker"
                     ReferencedContainer = "container:Ad Tracker Blocker.xcodeproj">
                  </BuildableReference>
               </EnvironmentBuildable>
            </ActionContent>
         </ExecutionAction>
      </PostActions>
   </BuildAction>
   <TestAction
      buildConfiguration = "Debug"
      selectedDebuggerIdentifier = "Xcode.DebuggerFoundation.Debugger.LLDB"
      selectedLauncherIdentifier = "Xcode.DebuggerFoundation.Launcher.LLDB"
      shouldUseLaunchSchemeArgsEnv = "YES">
      <Testables>
      </Testables>
   </TestAction>
   <LaunchAction
      buildConfiguration = "Debug"
      selectedDebuggerIdentifier = "Xcode.DebuggerFoundation.Debugger.LLDB"
      selectedLauncherIdentifier = "Xcode.DebuggerFoundation.Launcher.LLDB"
      launchStyle = "0"
      useCustomWorkingDirectory = "NO"
      ignoresPersistentStateOnLaunch = "NO"
      debugDocumentVersioning = "YES"
      debugServiceExtension = "internal"
      allowLocationSimulation = "YES">
      <BuildableProductRunnable
         runnableDebuggingMode = "0">
         <BuildableReference
            BuildableIdentifier = "primary"
            BlueprintIdentifier = "18ECD28930103EAF00F8C4E9"
            BuildableName = "Ad Tracker Blocker.app"
            BlueprintName = "Ad Tracker Blocker"
            ReferencedContainer = "container:Ad Tracker Blocker.xcodeproj">
         </BuildableReference>
      </BuildableProductRunnable>
   </LaunchAction>
   <ProfileAction
      buildConfiguration = "Release"
      shouldUseLaunchSchemeArgsEnv = "YES"
      savedToolIdentifier = ""
      useCustomWorkingDirectory = "NO"
      debugDocumentVersioning = "YES">
      <BuildableProductRunnable
         runnableDebuggingMode = "0">
         <BuildableReference
            BuildableIdentifier = "primary"
            BlueprintIdentifier = "18ECD28930103EAF00F8C4E9"
            BuildableName = "Ad Tracker Blocker.app"
            BlueprintName = "Ad Tracker Blocker"
            ReferencedContainer = "container:Ad Tracker Blocker.xcodeproj">
         </BuildableReference>
      </BuildableProductRunnable>
   </ProfileAction>
   <AnalyzeAction
      buildConfiguration = "Debug">
   </AnalyzeAction>
   <ArchiveAction
      buildConfiguration = "Release"
      revealArchiveInOrganizer = "YES">
   </ArchiveAction>
</Scheme>
